Microsoft Visual Studio Solution File, Format Version 12.00
# Visual Studio 15
VisualStudioVersion = 15.0.26228.4
MinimumVisualStudioVersion = 10.0.40219.1
Project("{2150E333-8FDC-42A3-9474-1A3956D46DE8}") = "src", "src", "{3D9670D4-3EBE-4ECF-8F59-D3AD7FEDCE2F}"
EndProject
Project("{9A19103F-16F7-4668-BE54-9A1E7A4F7556}") = "KNXLibCore", "src\KNXLibCore\KNXLibCore.csproj", "{29A2ABE3-E636-44E0-A676-D9E90976809D}"
EndProject
Project("{9A19103F-16F7-4668-BE54-9A1E7A4F7556}") = "KNXTestTunneling", "src\KNXTestTunneling\KNXTestTunneling.csproj", "{43696EE0-993E-4603-89CC-7BAF352189E2}"
EndProject
Project("{9A19103F-16F7-4668-BE54-9A1E7A4F7556}") = "KNXTestRouting", "src\KNXTestRouting\KNXTestRouting.csproj", "{998A890E-202F-4DA9-BCA5-1C4985DE9309}"
EndProject
Project("{2150E333-8FDC-42A3-9474-1A3956D46DE8}") = "Backup", "Backup", "{9C67A1D6-0E61-48A6-8AE5-1492AAB17BD1}"
EndProject
Project("{2150E333-8FDC-42A3-9474-1A3956D46DE8}") = "src", "src", "{F92BE7CF-8CB1-4206-BA9F-3AFD3530A47F}"
EndProject
Project("{FAE04EC0-301F-11D3-BF4B-00C04F79EFBC}") = "KNXLibCore", "Backup\src\KNXLibCore\KNXLibCore.csproj", "{74E6A7B5-80F3-450C-888F-0C717125FEC1}"
EndProject
Project("{FAE04EC0-301F-11D3-BF4B-00C04F79EFBC}") = "KNXTestRouting", "Backup\src\KNXTestRouting\KNXTestRouting.csproj", "{FDF05795-6DEA-417C-8AA1-047F32F38D77}"
EndProject
Project("{FAE04EC0-301F-11D3-BF4B-00C04F79EFBC}") = "KNXTestTunneling", "Backup\src\KNXTestTunneling\KNXTestTunneling.csproj", "{8CB7FBF6-B227-4412-A363-5A63FA0542CF}"
EndProject
Project("{2150E333-8FDC-42A3-9474-1A3956D46DE8}") = "backup", "backup", "{9A765AC8-7F69-49D4-8F90-C0FEBACF6E0B}"
EndProject
Project("{FAE04EC0-301F-11D3-BF4B-00C04F79EFBC}") = "KNXLibCore", "Backup\src\backup\KNXLibCore\KNXLibCore.csproj", "{43F9CF67-0B79-43A9-B19F-DC3E84F74384}"
EndProject
Project("{FAE04EC0-301F-11D3-BF4B-00C04F79EFBC}") = "KNXTestRouting", "Backup\src\backup\KNXTestRouting\KNXTestRouting.csproj", "{0793ECBF-2F2D-47A6-9383-0B54E31A58DA}"
EndProject
Project("{FAE04EC0-301F-11D3-BF4B-00C04F79EFBC}") = "KNXTestTunneling", "Backup\src\backup\KNXTestTunneling\KNXTestTunneling.csproj", "{E1970630-5C89-4FB8-8E3F-78249164222E}"
EndProject
Global
	GlobalSection(SolutionConfigurationPlatforms) = preSolution
		Debug|Any CPU = Debug|Any CPU
		Debug|x64 = Debug|x64
		Debug|x86 = Debug|x86
		Release|Any CPU = Release|Any CPU
		Release|x64 = Release|x64
		Release|x86 = Release|x86
	EndGlobalSection
	GlobalSection(ProjectConfigurationPlatforms) = postSolution
		{29A2ABE3-E636-44E0-A676-D9E90976809D}.Debug|Any CPU.ActiveCfg = Debug|Any CPU
		{29A2ABE3-E636-44E0-A676-D9E90976809D}.Debug|Any CPU.Build.0 = Debug|Any CPU
		{29A2ABE3-E636-44E0-A676-D9E90976809D}.Debug|x64.ActiveCfg = Debug|Any CPU
		{29A2ABE3-E636-44E0-A676-D9E90976809D}.Debug|x86.ActiveCfg = Debug|Any CPU
		{29A2ABE3-E636-44E0-A676-D9E90976809D}.Release|Any CPU.ActiveCfg = Release|Any CPU
		{29A2ABE3-E636-44E0-A676-D9E90976809D}.Release|Any CPU.Build.0 = Release|Any CPU
		{29A2ABE3-E636-44E0-A676-D9E90976809D}.Release|x64.ActiveCfg = Release|Any CPU
		{29A2ABE3-E636-44E0-A676-D9E90976809D}.Release|x86.ActiveCfg = Release|Any CPU
		{43696EE0-993E-4603-89CC-7BAF352189E2}.Debug|Any CPU.ActiveCfg = Debug|Any CPU
		{43696EE0-993E-4603-89CC-7BAF352189E2}.Debug|Any CPU.Build.0 = Debug|Any CPU
		{43696EE0-993E-4603-89CC-7BAF352189E2}.Debug|x64.ActiveCfg = Debug|Any CPU
		{43696EE0-993E-4603-89CC-7BAF352189E2}.Debug|x86.ActiveCfg = Debug|Any CPU
		{43696EE0-993E-4603-89CC-7BAF352189E2}.Release|Any CPU.ActiveCfg = Release|Any CPU
		{43696EE0-993E-4603-89CC-7BAF352189E2}.Release|Any CPU.Build.0 = Release|Any CPU
		{43696EE0-993E-4603-89CC-7BAF352189E2}.Release|x64.ActiveCfg = Release|Any CPU
		{43696EE0-993E-4603-89CC-7BAF352189E2}.Release|x86.ActiveCfg = Release|Any CPU
		{998A890E-202F-4DA9-BCA5-1C4985DE9309}.Debug|Any CPU.ActiveCfg = Debug|Any CPU
		{998A890E-202F-4DA9-BCA5-1C4985DE9309}.Debug|Any CPU.Build.0 = Debug|Any CPU
		{998A890E-202F-4DA9-BCA5-1C4985DE9309}.Debug|x64.ActiveCfg = Debug|Any CPU
		{998A890E-202F-4DA9-BCA5-1C4985DE9309}.Debug|x86.ActiveCfg = Debug|Any CPU
		{998A890E-202F-4DA9-BCA5-1C4985DE9309}.Release|Any CPU.ActiveCfg = Release|Any CPU
		{998A890E-202F-4DA9-BCA5-1C4985DE9309}.Release|Any CPU.Build.0 = Release|Any CPU
		{998A890E-202F-4DA9-BCA5-1C4985DE9309}.Release|x64.ActiveCfg = Release|Any CPU
		{998A890E-202F-4DA9-BCA5-1C4985DE9309}.Release|x86.ActiveCfg = Release|Any CPU
		{74E6A7B5-80F3-450C-888F-0C717125FEC1}.Debug|Any CPU.ActiveCfg = Debug|Any CPU
		{74E6A7B5-80F3-450C-888F-0C717125FEC1}.Debug|Any CPU.Build.0 = Debug|Any CPU
		{74E6A7B5-80F3-450C-888F-0C717125FEC1}.Debug|x64.ActiveCfg = Debug|Any CPU
		{74E6A7B5-80F3-450C-888F-0C717125FEC1}.Debug|x64.Build.0 = Debug|Any CPU
		{74E6A7B5-80F3-450C-888F-0C717125FEC1}.Debug|x86.ActiveCfg = Debug|Any CPU
		{74E6A7B5-80F3-450C-888F-0C717125FEC1}.Debug|x86.Build.0 = Debug|Any CPU
		{74E6A7B5-80F3-450C-888F-0C717125FEC1}.Release|Any CPU.ActiveCfg = Release|Any CPU
		{74E6A7B5-80F3-450C-888F-0C717125FEC1}.Release|Any CPU.Build.0 = Release|Any CPU
		{74E6A7B5-80F3-450C-888F-0C717125FEC1}.Release|x64.ActiveCfg = Release|Any CPU
		{74E6A7B5-80F3-450C-888F-0C717125FEC1}.Release|x64.Build.0 = Release|Any CPU
		{74E6A7B5-80F3-450C-888F-0C717125FEC1}.Release|x86.ActiveCfg = Release|Any CPU
		{74E6A7B5-80F3-450C-888F-0C717125FEC1}.Release|x86.Build.0 = Release|Any CPU
		{FDF05795-6DEA-417C-8AA1-047F32F38D77}.Debug|Any CPU.ActiveCfg = Debug|Any CPU
		{FDF05795-6DEA-417C-8AA1-047F32F38D77}.Debug|Any CPU.Build.0 = Debug|Any CPU
		{FDF05795-6DEA-417C-8AA1-047F32F38D77}.Debug|x64.ActiveCfg = Debug|Any CPU
		{FDF05795-6DEA-417C-8AA1-047F32F38D77}.Debug|x64.Build.0 = Debug|Any CPU
		{FDF05795-6DEA-417C-8AA1-047F32F38D77}.Debug|x86.ActiveCfg = Debug|Any CPU
		{FDF05795-6DEA-417C-8AA1-047F32F38D77}.Debug|x86.Build.0 = Debug|Any CPU
		{FDF05795-6DEA-417C-8AA1-047F32F38D77}.Release|Any CPU.ActiveCfg = Release|Any CPU
		{FDF05795-6DEA-417C-8AA1-047F32F38D77}.Release|Any CPU.Build.0 = Release|Any CPU
		{FDF05795-6DEA-417C-8AA1-047F32F38D77}.Release|x64.ActiveCfg = Release|Any CPU
		{FDF05795-6DEA-417C-8AA1-047F32F38D77}.Release|x64.Build.0 = Release|Any CPU
		{FDF05795-6DEA-417C-8AA1-047F32F38D77}.Release|x86.ActiveCfg = Release|Any CPU
		{FDF05795-6DEA-417C-8AA1-047F32F38D77}.Release|x86.Build.0 = Release|Any CPU
		{8CB7FBF6-B227-4412-A363-5A63FA0542CF}.Debug|Any CPU.ActiveCfg = Debug|Any CPU
		{8CB7FBF6-B227-4412-A363-5A63FA0542CF}.Debug|Any CPU.Build.0 = Debug|Any CPU
		{8CB7FBF6-B227-4412-A363-5A63FA0542CF}.Debug|x64.ActiveCfg = Debug|Any CPU
		{8CB7FBF6-B227-4412-A363-5A63FA0542CF}.Debug|x64.Build.0 = Debug|Any CPU
		{8CB7FBF6-B227-4412-A363-5A63FA0542CF}.Debug|x86.ActiveCfg = Debug|Any CPU
		{8CB7FBF6-B227-4412-A363-5A63FA0542CF}.Debug|x86.Build.0 = Debug|Any CPU
		{8CB7FBF6-B227-4412-A363-5A63FA0542CF}.Release|Any CPU.ActiveCfg = Release|Any CPU
		{8CB7FBF6-B227-4412-A363-5A63FA0542CF}.Release|Any CPU.Build.0 = Release|Any CPU
		{8CB7FBF6-B227-4412-A363-5A63FA0542CF}.Release|x64.ActiveCfg = Release|Any CPU
		{8CB7FBF6-B227-4412-A363-5A63FA0542CF}.Release|x64.Build.0 = Release|Any CPU
		{8CB7FBF6-B227-4412-A363-5A63FA0542CF}.Release|x86.ActiveCfg = Release|Any CPU
		{8CB7FBF6-B227-4412-A363-5A63FA0542CF}.Release|x86.Build.0 = Release|Any CPU
		{43F9CF67-0B79-43A9-B19F-DC3E84F74384}.Debug|Any CPU.ActiveCfg = Debug|Any CPU
		{43F9CF67-0B79-43A9-B19F-DC3E84F74384}.Debug|Any CPU.Build.0 = Debug|Any CPU
		{43F9CF67-0B79-43A9-B19F-DC3E84F74384}.Debug|x64.ActiveCfg = Debug|Any CPU
		{43F9CF67-0B79-43A9-B19F-DC3E84F74384}.Debug|x64.Build.0 = Debug|Any CPU
		{43F9CF67-0B79-43A9-B19F-DC3E84F74384}.Debug|x86.ActiveCfg = Debug|Any CPU
		{43F9CF67-0B79-43A9-B19F-DC3E84F74384}.Debug|x86.Build.0 = Debug|Any CPU
		{43F9CF67-0B79-43A9-B19F-DC3E84F74384}.Release|Any CPU.ActiveCfg = Release|Any CPU
		{43F9CF67-0B79-43A9-B19F-DC3E84F74384}.Release|Any CPU.Build.0 = Release|Any CPU
		{43F9CF67-0B79-43A9-B19F-DC3E84F74384}.Release|x64.ActiveCfg = Release|Any CPU
		{43F9CF67-0B79-43A9-B19F-DC3E84F74384}.Release|x64.Build.0 = Release|Any CPU
		{43F9CF67-0B79-43A9-B19F-DC3E84F74384}.Release|x86.ActiveCfg = Release|Any CPU
		{43F9CF67-0B79-43A9-B19F-DC3E84F74384}.Release|x86.Build.0 = Release|Any CPU
		{0793ECBF-2F2D-47A6-9383-0B54E31A58DA}.Debug|Any CPU.ActiveCfg = Debug|Any CPU
		{0793ECBF-2F2D-47A6-9383-0B54E31A58DA}.Debug|Any CPU.Build.0 = Debug|Any CPU
		{0793ECBF-2F2D-47A6-9383-0B54E31A58DA}.Debug|x64.ActiveCfg = Debug|Any CPU
		{0793ECBF-2F2D-47A6-9383-0B54E31A58DA}.Debug|x64.Build.0 = Debug|Any CPU
		{0793ECBF-2F2D-47A6-9383-0B54E31A58DA}.Debug|x86.ActiveCfg = Debug|Any CPU
		{0793ECBF-2F2D-47A6-9383-0B54E31A58DA}.Debug|x86.Build.0 = Debug|Any CPU
		{0793ECBF-2F2D-47A6-9383-0B54E31A58DA}.Release|Any CPU.ActiveCfg = Release|Any CPU
		{0793ECBF-2F2D-47A6-9383-0B54E31A58DA}.Release|Any CPU.Build.0 = Release|Any CPU
		{0793ECBF-2F2D-47A6-9383-0B54E31A58DA}.Release|x64.ActiveCfg = Release|Any CPU
		{0793ECBF-2F2D-47A6-9383-0B54E31A58DA}.Release|x64.Build.0 = Release|Any CPU
		{0793ECBF-2F2D-47A6-9383-0B54E31A58DA}.Release|x86.ActiveCfg = Release|Any CPU
		{0793ECBF-2F2D-47A6-9383-0B54E31A58DA}.Release|x86.Build.0 = Release|Any CPU
		{E1970630-5C89-4FB8-8E3F-78249164222E}.Debug|Any CPU.ActiveCfg = Debug|Any CPU
		{E1970630-5C89-4FB8-8E3F-78249164222E}.Debug|Any CPU.Build.0 = Debug|Any CPU
		{E1970630-5C89-4FB8-8E3F-78249164222E}.Debug|x64.ActiveCfg = Debug|Any CPU
		{E1970630-5C89-4FB8-8E3F-78249164222E}.Debug|x64.Build.0 = Debug|Any CPU
		{E1970630-5C89-4FB8-8E3F-78249164222E}.Debug|x86.ActiveCfg = Debug|Any CPU
		{E1970630-5C89-4FB8-8E3F-78249164222E}.Debug|x86.Build.0 = Debug|Any CPU
		{E1970630-5C89-4FB8-8E3F-78249164222E}.Release|Any CPU.ActiveCfg = Release|Any CPU
		{E1970630-5C89-4FB8-8E3F-78249164222E}.Release|Any CPU.Build.0 = Release|Any CPU
		{E1970630-5C89-4FB8-8E3F-78249164222E}.Release|x64.ActiveCfg = Release|Any CPU
		{E1970630-5C89-4FB8-8E3F-78249164222E}.Release|x64.Build.0 = Release|Any CPU
		{E1970630-5C89-4FB8-8E3F-78249164222E}.Release|x86.ActiveCfg = Release|Any CPU
		{E1970630-5C89-4FB8-8E3F-78249164222E}.Release|x86.Build.0 = Release|Any CPU
	EndGlobalSection
	GlobalSection(SolutionProperties) = preSolution
		HideSolutionNode = FALSE
	EndGlobalSection
	GlobalSection(NestedProjects) = preSolution
		{29A2ABE3-E636-44E0-A676-D9E90976809D} = {3D9670D4-3EBE-4ECF-8F59-D3AD7FEDCE2F}
		{43696EE0-993E-4603-89CC-7BAF352189E2} = {3D9670D4-3EBE-4ECF-8F59-D3AD7FEDCE2F}
		{998A890E-202F-4DA9-BCA5-1C4985DE9309} = {3D9670D4-3EBE-4ECF-8F59-D3AD7FEDCE2F}
		{F92BE7CF-8CB1-4206-BA9F-3AFD3530A47F} = {9C67A1D6-0E61-48A6-8AE5-1492AAB17BD1}
		{74E6A7B5-80F3-450C-888F-0C717125FEC1} = {F92BE7CF-8CB1-4206-BA9F-3AFD3530A47F}
		{FDF05795-6DEA-417C-8AA1-047F32F38D77} = {F92BE7CF-8CB1-4206-BA9F-3AFD3530A47F}
		{8CB7FBF6-B227-4412-A363-5A63FA0542CF} = {F92BE7CF-8CB1-4206-BA9F-3AFD3530A47F}
		{9A765AC8-7F69-49D4-8F90-C0FEBACF6E0B} = {F92BE7CF-8CB1-4206-BA9F-3AFD3530A47F}
		{43F9CF67-0B79-43A9-B19F-DC3E84F74384} = {9A765AC8-7F69-49D4-8F90-C0FEBACF6E0B}
		{0793ECBF-2F2D-47A6-9383-0B54E31A58DA} = {9A765AC8-7F69-49D4-8F90-C0FEBACF6E0B}
		{E1970630-5C89-4FB8-8E3F-78249164222E} = {9A765AC8-7F69-49D4-8F90-C0FEBACF6E0B}
	EndGlobalSection
EndGlobal
